<?xml version="1.0" encoding="utf-8"?>
<Project ToolsVersion="4.0" xmlns="http://schemas.microsoft.com/developer/msbuild/2003">
  <ItemGroup>
    <Filter Include="Source Files">
      <UniqueIdentifier>{7139bc15-bff1-409c-96d7-0c010b9b7d26}</UniqueIdentifier>
      <Extensions>cpp;c;cxx;rc;def;r;odl;idl;hpj;bat</Extensions>
    </Filter>
    <Filter Include="Header Files">
      <UniqueIdentifier>{3294da44-4fcc-47d0-b857-129fd1defc84}</UniqueIdentifier>
      <Extensions>h;hpp;hxx;hm;inl</Extensions>
    </Filter>
    <Filter Include="Resource Files">
      <UniqueIdentifier>{b5b4f50a-b7b1-4395-ad52-f81a462e778b}</UniqueIdentifier>
      <Extensions>ico;cur;bmp;dlg;rc2;rct;bin;rgs;gif;jpg;jpeg;jpe</Extensions>
    </Filter>
  </ItemGroup>
  <ItemGroup>
    <ClCompile Include="CalendarDialog.cpp">
      <Filter>Source Files</Filter>
    </ClCompile>
    <ClCompile Include="ComunicacionesDialog.cpp">
      <Filter>Source Files</Filter>
    </ClCompile>
    <ClCompile Include="ComunicacionesSet.cpp">
      <Filter>Source Files</Filter>
    </ClCompile>
    <ClCompile Include="ComunicacionesView.cpp">
      <Filter>Source Files</Filter>
    </ClCompile>
    <ClCompile Include="Incidencias2.cpp">
      <Filter>Source Files</Filter>
    </ClCompile>
    <ClCompile Include="Incidencias2Doc.cpp">
      <Filter>Source Files</Filter>
    </ClCompile>
    <ClCompile Include="Incidencias2Set.cpp">
      <Filter>Source Files</Filter>
    </ClCompile>
    <ClCompile Include="Incidencias2View.cpp">
      <Filter>Source Files</Filter>
    </ClCompile>
    <ClCompile Include="IncidenciasListView.cpp">
      <Filter>Source Files</Filter>
    </ClCompile>
    <ClCompile Include="MainFrm.cpp">
      <Filter>Source Files</Filter>
    </ClCompile>
    <ClCompile Include="OneFieldDbDialog.cpp">
      <Filter>Source Files</Filter>
    </ClCompile>
    <ClCompile Include="OperacionesSet.cpp">
      <Filter>Source Files</Filter>
    </ClCompile>
    <ClCompile Include="OperariosSet.cpp">
      <Filter>Source Files</Filter>
    </ClCompile>
    <ClCompile Include="OperariosSoporteSet.cpp">
      <Filter>Source Files</Filter>
    </ClCompile>
    <ClCompile Include="ProveedoresSet.cpp">
      <Filter>Source Files</Filter>
    </ClCompile>
    <ClCompile Include="SearchDialog.cpp">
      <Filter>Source Files</Filter>
    </ClCompile>
    <ClCompile Include="StdAfx.cpp">
      <Filter>Source Files</Filter>
    </ClCompile>
  </ItemGroup>
  <ItemGroup>
    <ResourceCompile Include="Incidencias2.rc">
      <Filter>Source Files</Filter>
    </ResourceCompile>
  </ItemGroup>
  <ItemGroup>
    <ClInclude Include="CalendarDialog.h">
      <Filter>Header Files</Filter>
    </ClInclude>
    <ClInclude Include="ComunicacionesDialog.h">
      <Filter>Header Files</Filter>
    </ClInclude>
    <ClInclude Include="ComunicacionesSet.h">
      <Filter>Header Files</Filter>
    </ClInclude>
    <ClInclude Include="ComunicacionesView.h">
      <Filter>Header Files</Filter>
    </ClInclude>
    <ClInclude Include="Incidencias2.h">
      <Filter>Header Files</Filter>
    </ClInclude>
    <ClInclude Include="Incidencias2Doc.h">
      <Filter>Header Files</Filter>
    </ClInclude>
    <ClInclude Include="Incidencias2Set.h">
      <Filter>Header Files</Filter>
    </ClInclude>
    <ClInclude Include="Incidencias2View.h">
      <Filter>Header Files</Filter>
    </ClInclude>
    <ClInclude Include="IncidenciasListView.h">
      <Filter>Header Files</Filter>
    </ClInclude>
    <ClInclude Include="MainFrm.h">
      <Filter>Header Files</Filter>
    </ClInclude>
    <ClInclude Include="OneFieldDbDialog.h">
      <Filter>Header Files</Filter>
    </ClInclude>
    <ClInclude Include="OperacionesSet.h">
      <Filter>Header Files</Filter>
    </ClInclude>
    <ClInclude Include="OperariosSet.h">
      <Filter>Header Files</Filter>
    </ClInclude>
    <ClInclude Include="OperariosSoporteSet.h">
      <Filter>Header Files</Filter>
    </ClInclude>
    <ClInclude Include="ProveedoresSet.h">
      <Filter>Header Files</Filter>
    </ClInclude>
    <ClInclude Include="Resource.h">
      <Filter>Header Files</Filter>
    </ClInclude>
    <ClInclude Include="SearchDialog.h">
      <Filter>Header Files</Filter>
    </ClInclude>
    <ClInclude Include="StdAfx.h">
      <Filter>Header Files</Filter>
    </ClInclude>
  </ItemGroup>
  <ItemGroup>
    <Image Include="res\icon1.ico">
      <Filter>Resource Files</Filter>
    </Image>
    <Image Include="res\Incidencias2.ico">
      <Filter>Resource Files</Filter>
    </Image>
    <Image Include="res\Incidencias2Doc.ico">
      <Filter>Resource Files</Filter>
    </Image>
    <Image Include="res\Toolbar.bmp">
      <Filter>Resource Files</Filter>
    </Image>
  </ItemGroup>
  <ItemGroup>
    <Text Include="ReadMe.txt" />
  </ItemGroup>
  <ItemGroup>
    <CustomBuild Include="res\Incidencias2.rc2">
      <Filter>Resource Files</Filter>
    </CustomBuild>
  </ItemGroup>
</Project>